
Microsoft Visual Studio Solution File, Format Version 12.00
# Visual Studio Version 17
VisualStudioVersion = 17.14.36915.13 d17.14
MinimumVisualStudioVersion = 10.0.40219.1
Project("{8BC9CEB8-8B4A-11D0-8D11-00A0C91BC942}") = "Lesson49HomeworkProblem6", "Lesson49HomeworkProblem6\Lesson49HomeworkProblem6.vcxproj", "{780E0420-33B5-44FF-BB25-D31A3D4D7DDE}"
EndProject
Global
	GlobalSection(SolutionConfigurationPlatforms) = preSolution
		Debug|x64 = Debug|x64
		Debug|x86 = Debug|x86
		Release|x64 = Release|x64
		Release|x86 = Release|x86
	EndGlobalSection
	GlobalSection(ProjectConfigurationPlatforms) = postSolution
		{780E0420-33B5-44FF-BB25-D31A3D4D7DDE}.Debug|x64.ActiveCfg = Debug|x64
		{780E0420-33B5-44FF-BB25-D31A3D4D7DDE}.Debug|x64.Build.0 = Debug|x64
		{780E0420-33B5-44FF-BB25-D31A3D4D7DDE}.Debug|x86.ActiveCfg = Debug|Win32
		{780E0420-33B5-44FF-BB25-D31A3D4D7DDE}.Debug|x86.Build.0 = Debug|Win32
		{780E0420-33B5-44FF-BB25-D31A3D4D7DDE}.Release|x64.ActiveCfg = Release|x64
		{780E0420-33B5-44FF-BB25-D31A3D4D7DDE}.Release|x64.Build.0 = Release|x64
		{780E0420-33B5-44FF-BB25-D31A3D4D7DDE}.Release|x86.ActiveCfg = Release|Win32
		{780E0420-33B5-44FF-BB25-D31A3D4D7DDE}.Release|x86.Build.0 = Release|Win32
	EndGlobalSection
	GlobalSection(SolutionProperties) = preSolution
		HideSolutionNode = FALSE
	EndGlobalSection
	GlobalSection(ExtensibilityGlobals) = postSolution
		SolutionGuid = {F9F172A7-C42A-45C3-B90A-AA0E28752FD1}
	EndGlobalSection
EndGlobal
