
Microsoft Visual Studio Solution File, Format Version 12.00
# Visual Studio Version 17
VisualStudioVersion = 17.14.36109.1 d17.14
MinimumVisualStudioVersion = 10.0.40219.1
Project("{8BC9CEB8-8B4A-11D0-8D11-00A0C91BC942}") = "Lesson20HomeworkProblem47", "Lesson20HomeworkProblem47\Lesson20HomeworkProblem47.vcxproj", "{F4790C63-7A34-4513-9363-2E7C11CEAD44}"
EndProject
Global
	GlobalSection(SolutionConfigurationPlatforms) = preSolution
		Debug|x64 = Debug|x64
		Debug|x86 = Debug|x86
		Release|x64 = Release|x64
		Release|x86 = Release|x86
	EndGlobalSection
	GlobalSection(ProjectConfigurationPlatforms) = postSolution
		{F4790C63-7A34-4513-9363-2E7C11CEAD44}.Debug|x64.ActiveCfg = Debug|x64
		{F4790C63-7A34-4513-9363-2E7C11CEAD44}.Debug|x64.Build.0 = Debug|x64
		{F4790C63-7A34-4513-9363-2E7C11CEAD44}.Debug|x86.ActiveCfg = Debug|Win32
		{F4790C63-7A34-4513-9363-2E7C11CEAD44}.Debug|x86.Build.0 = Debug|Win32
		{F4790C63-7A34-4513-9363-2E7C11CEAD44}.Release|x64.ActiveCfg = Release|x64
		{F4790C63-7A34-4513-9363-2E7C11CEAD44}.Release|x64.Build.0 = Release|x64
		{F4790C63-7A34-4513-9363-2E7C11CEAD44}.Release|x86.ActiveCfg = Release|Win32
		{F4790C63-7A34-4513-9363-2E7C11CEAD44}.Release|x86.Build.0 = Release|Win32
	EndGlobalSection
	GlobalSection(SolutionProperties) = preSolution
		HideSolutionNode = FALSE
	EndGlobalSection
	GlobalSection(ExtensibilityGlobals) = postSolution
		SolutionGuid = {49D1EFB1-BA9D-4E3C-9AA7-EF03A8B3C729}
	EndGlobalSection
EndGlobal
