
Microsoft Visual Studio Solution File, Format Version 12.00
# Visual Studio Version 17
VisualStudioVersion = 17.14.36915.13 d17.14
MinimumVisualStudioVersion = 10.0.40219.1
Project("{8BC9CEB8-8B4A-11D0-8D11-00A0C91BC942}") = "Lesson50HomeworkProblem29", "Lesson50HomeworkProblem29\Lesson50HomeworkProblem29.vcxproj", "{DDE6F6AC-2203-40F7-B0B3-3FF1AA715752}"
EndProject
Global
	GlobalSection(SolutionConfigurationPlatforms) = preSolution
		Debug|x64 = Debug|x64
		Debug|x86 = Debug|x86
		Release|x64 = Release|x64
		Release|x86 = Release|x86
	EndGlobalSection
	GlobalSection(ProjectConfigurationPlatforms) = postSolution
		{DDE6F6AC-2203-40F7-B0B3-3FF1AA715752}.Debug|x64.ActiveCfg = Debug|x64
		{DDE6F6AC-2203-40F7-B0B3-3FF1AA715752}.Debug|x64.Build.0 = Debug|x64
		{DDE6F6AC-2203-40F7-B0B3-3FF1AA715752}.Debug|x86.ActiveCfg = Debug|Win32
		{DDE6F6AC-2203-40F7-B0B3-3FF1AA715752}.Debug|x86.Build.0 = Debug|Win32
		{DDE6F6AC-2203-40F7-B0B3-3FF1AA715752}.Release|x64.ActiveCfg = Release|x64
		{DDE6F6AC-2203-40F7-B0B3-3FF1AA715752}.Release|x64.Build.0 = Release|x64
		{DDE6F6AC-2203-40F7-B0B3-3FF1AA715752}.Release|x86.ActiveCfg = Release|Win32
		{DDE6F6AC-2203-40F7-B0B3-3FF1AA715752}.Release|x86.Build.0 = Release|Win32
	EndGlobalSection
	GlobalSection(SolutionProperties) = preSolution
		HideSolutionNode = FALSE
	EndGlobalSection
	GlobalSection(ExtensibilityGlobals) = postSolution
		SolutionGuid = {68637F8D-7946-41AE-826B-F55D0A128263}
	EndGlobalSection
EndGlobal
